
Microsoft Visual Studio Solution File, Format Version 12.00
# Visual Studio Version 16
VisualStudioVersion = 16.0.30717.126
MinimumVisualStudioVersion = 10.0.40219.1
Project("{FAE04EC0-301F-11D3-BF4B-00C04F79EFBC}") = "EntryTest", "EntryTest.csproj", "{181939B6-A407-499E-8242-3EC66EA393E3}"
EndProject
Global
	GlobalSection(SolutionConfigurationPlatforms) = preSolution
		Debug|Any CPU = Debug|Any CPU
		Release|Any CPU = Release|Any CPU
	EndGlobalSection
	GlobalSection(ProjectConfigurationPlatforms) = postSolution
		{181939B6-A407-499E-8242-3EC66EA393E3}.Debug|Any CPU.ActiveCfg = Debug|Any CPU
		{181939B6-A407-499E-8242-3EC66EA393E3}.Debug|Any CPU.Build.0 = Debug|Any CPU
		{181939B6-A407-499E-8242-3EC66EA393E3}.Release|Any CPU.ActiveCfg = Release|Any CPU
		{181939B6-A407-499E-8242-3EC66EA393E3}.Release|Any CPU.Build.0 = Release|Any CPU
	EndGlobalSection
	GlobalSection(SolutionProperties) = preSolution
		HideSolutionNode = FALSE
	EndGlobalSection
	GlobalSection(ExtensibilityGlobals) = postSolution
		SolutionGuid = {DEC91219-7F38-4067-8CFB-02A5A6A53A19}
	EndGlobalSection
EndGlobal
